
Microsoft Visual Studio Solution File, Format Version 12.00
# Visual Studio Version 17
VisualStudioVersion = 17.14.36408.4 d17.14
MinimumVisualStudioVersion = 10.0.40219.1
Project("{FAE04EC0-301F-11D3-BF4B-00C04F79EFBC}") = "OrganizationProfile", "OrganizationProfile\OrganizationProfile.csproj", "{A958DD3C-2E35-42F5-875A-1CB032D3446B}"
EndProject
Global
	GlobalSection(SolutionConfigurationPlatforms) = preSolution
		Debug|Any CPU = Debug|Any CPU
		Release|Any CPU = Release|Any CPU
	EndGlobalSection
	GlobalSection(ProjectConfigurationPlatforms) = postSolution
		{A958DD3C-2E35-42F5-875A-1CB032D3446B}.Debug|Any CPU.ActiveCfg = Debug|Any CPU
		{A958DD3C-2E35-42F5-875A-1CB032D3446B}.Debug|Any CPU.Build.0 = Debug|Any CPU
		{A958DD3C-2E35-42F5-875A-1CB032D3446B}.Release|Any CPU.ActiveCfg = Release|Any CPU
		{A958DD3C-2E35-42F5-875A-1CB032D3446B}.Release|Any CPU.Build.0 = Release|Any CPU
	EndGlobalSection
	GlobalSection(SolutionProperties) = preSolution
		HideSolutionNode = FALSE
	EndGlobalSection
	GlobalSection(ExtensibilityGlobals) = postSolution
		SolutionGuid = {68ECF320-E426-4978-87BE-03D213A066D5}
	EndGlobalSection
EndGlobal
